{
  "version": 4,
  "terraform_version": "1.9.5",
  "serial": 6,
  "lineage": "b69f72f6-442e-aa2e-0056-f1e921c1ba22",
  "outputs": {},
  "resources": [
    {
      "mode": "managed",
      "type": "azurerm_resource_group",
      "name": "pedro_robo",
      "provider": "provider[\"registry.terraform.io/hashicorp/azurerm\"]",
      "instances": [
        {
          "schema_version": 0,
          "attributes": {
            "id": "/subscriptions/481c1d25-e4df-4209-9f20-6d3c0c28a214/resourceGroups/pedro_robo_group",
            "location": "eastus2",
            "managed_by": "",
            "name": "pedro_robo_group",
            "tags": {},
            "timeouts": null
          },
          "sensitive_attributes": [],
          "private": "eyJlMmJmYjczMC1lY2FhLTExZTYtOGY4OC0zNDM2M2JjN2M0YzAiOnsiY3JlYXRlIjo1NDAwMDAwMDAwMDAwLCJkZWxldGUiOjU0MDAwMDAwMDAwMDAsInJlYWQiOjMwMDAwMDAwMDAwMCwidXBkYXRlIjo1NDAwMDAwMDAwMDAwfX0="
        }
      ]
    },
    {
      "mode": "managed",
      "type": "azurerm_service_plan",
      "name": "pedro_robo_sp",
      "provider": "provider[\"registry.terraform.io/hashicorp/azurerm\"]",
      "instances": [
        {
          "schema_version": 1,
          "attributes": {
            "app_service_environment_id": "",
            "id": "/subscriptions/481c1d25-e4df-4209-9f20-6d3c0c28a214/resourceGroups/pedro_robo_group/providers/Microsoft.Web/serverFarms/pedro_robo_sp",
            "kind": "app",
            "location": "eastus2",
            "maximum_elastic_worker_count": 1,
            "name": "pedro_robo_sp",
            "os_type": "Windows",
            "per_site_scaling_enabled": false,
            "reserved": false,
            "resource_group_name": "pedro_robo_group",
            "sku_name": "B1",
            "tags": null,
            "timeouts": null,
            "worker_count": 1,
            "zone_balancing_enabled": false
          },
          "sensitive_attributes": [],
          "private": "eyJlMmJmYjczMC1lY2FhLTExZTYtOGY4OC0zNDM2M2JjN2M0YzAiOnsiY3JlYXRlIjozNjAwMDAwMDAwMDAwLCJkZWxldGUiOjM2MDAwMDAwMDAwMDAsInJlYWQiOjMwMDAwMDAwMDAwMCwidXBkYXRlIjozNjAwMDAwMDAwMDAwfSwic2NoZW1hX3ZlcnNpb24iOiIxIn0=",
          "dependencies": [
            "azurerm_resource_group.pedro_robo"
          ]
        }
      ]
    },
    {
      "mode": "managed",
      "type": "azurerm_windows_web_app",
      "name": "pedro_robo_app",
      "provider": "provider[\"registry.terraform.io/hashicorp/azurerm\"]",
      "instances": [
        {
          "schema_version": 1,
          "attributes": {
            "app_settings": null,
            "auth_settings": [],
            "auth_settings_v2": [],
            "backup": [],
            "client_affinity_enabled": false,
            "client_certificate_enabled": false,
            "client_certificate_exclusion_paths": "",
            "client_certificate_mode": "Required",
            "connection_string": [],
            "custom_domain_verification_id": "AAF57CBAE38FFC9BFA90CC37DAFA24E4AB8A00C1FD178FF9CF3041B61BCF00B0",
            "default_hostname": "pedro-robo-app.azurewebsites.net",
            "enabled": true,
            "ftp_publish_basic_authentication_enabled": true,
            "hosting_environment_id": "",
            "https_only": false,
            "id": "/subscriptions/481c1d25-e4df-4209-9f20-6d3c0c28a214/resourceGroups/pedro_robo_group/providers/Microsoft.Web/sites/pedro-robo-app",
            "identity": [],
            "key_vault_reference_identity_id": "SystemAssigned",
            "kind": "app",
            "location": "eastus2",
            "logs": [],
            "name": "pedro-robo-app",
            "outbound_ip_address_list": [
              "52.177.150.231",
              "52.177.151.93",
              "52.177.151.154",
              "52.179.219.220",
              "52.179.220.157",
              "52.179.223.59",
              "20.49.97.30"
            ],
            "outbound_ip_addresses": "52.177.150.231,52.177.151.93,52.177.151.154,52.179.219.220,52.179.220.157,52.179.223.59,20.49.97.30",
            "possible_outbound_ip_address_list": [
              "52.177.150.231",
              "52.177.151.93",
              "52.177.151.154",
              "52.179.219.220",
              "52.179.220.157",
              "52.179.223.59",
              "52.179.223.247",
              "52.184.216.53",
              "52.184.217.3",
              "52.184.218.76",
              "52.184.219.217",
              "52.184.220.48",
              "52.184.221.48",
              "52.184.221.185",
              "52.184.221.225",
              "52.184.221.236",
              "52.184.223.9",
              "52.242.96.231",
              "52.242.98.115",
              "52.242.99.225",
              "52.247.83.7",
              "52.247.83.119",
              "52.247.83.186",
              "52.247.85.64",
              "52.251.73.66",
              "52.251.73.208",
              "52.251.73.245",
              "52.251.74.32",
              "52.251.74.102",
              "52.251.74.146",
              "20.49.97.30"
            ],
            "possible_outbound_ip_addresses": "52.177.150.231,52.177.151.93,52.177.151.154,52.179.219.220,52.179.220.157,52.179.223.59,52.179.223.247,52.184.216.53,52.184.217.3,52.184.218.76,52.184.219.217,52.184.220.48,52.184.221.48,52.184.221.185,52.184.221.225,52.184.221.236,52.184.223.9,52.242.96.231,52.242.98.115,52.242.99.225,52.247.83.7,52.247.83.119,52.247.83.186,52.247.85.64,52.251.73.66,52.251.73.208,52.251.73.245,52.251.74.32,52.251.74.102,52.251.74.146,20.49.97.30",
            "public_network_access_enabled": true,
            "resource_group_name": "pedro_robo_group",
            "service_plan_id": "/subscriptions/481c1d25-e4df-4209-9f20-6d3c0c28a214/resourceGroups/pedro_robo_group/providers/Microsoft.Web/serverFarms/pedro_robo_sp",
            "site_config": [
              {
                "always_on": false,
                "api_definition_url": "",
                "api_management_api_id": "",
                "app_command_line": "",
                "application_stack": [
                  {
                    "current_stack": "",
                    "docker_image_name": "",
                    "docker_registry_password": "",
                    "docker_registry_url": "",
                    "docker_registry_username": "",
                    "dotnet_core_version": "",
                    "dotnet_version": "v4.0",
                    "java_container": "",
                    "java_container_version": "",
                    "java_embedded_server_enabled": false,
                    "java_version": "",
                    "node_version": "",
                    "php_version": "5.6",
                    "python": false,
                    "tomcat_version": ""
                  }
                ],
                "auto_heal_setting": [],
                "container_registry_managed_identity_client_id": "",
                "container_registry_use_managed_identity": false,
                "cors": [],
                "default_documents": [
                  "Default.htm",
                  "Default.html",
                  "Default.asp",
                  "index.htm",
                  "index.html",
                  "iisstart.htm",
                  "default.aspx",
                  "index.php",
                  "hostingstart.html"
                ],
                "detailed_error_logging_enabled": false,
                "ftps_state": "Disabled",
                "handler_mapping": [],
                "health_check_eviction_time_in_min": 0,
                "health_check_path": "",
                "http2_enabled": false,
                "ip_restriction": [],
                "ip_restriction_default_action": "Allow",
                "linux_fx_version": "",
                "load_balancing_mode": "LeastRequests",
                "local_mysql_enabled": false,
                "managed_pipeline_mode": "Integrated",
                "minimum_tls_version": "1.2",
                "remote_debugging_enabled": false,
                "remote_debugging_version": "VS2022",
                "scm_ip_restriction": [],
                "scm_ip_restriction_default_action": "Allow",
                "scm_minimum_tls_version": "1.2",
                "scm_type": "None",
                "scm_use_main_ip_restriction": false,
                "use_32_bit_worker": true,
                "virtual_application": [],
                "vnet_route_all_enabled": false,
                "websockets_enabled": false,
                "windows_fx_version": "",
                "worker_count": 1
              }
            ],
            "site_credential": [
              {
                "name": "$pedro-robo-app",
                "password": "Aids7xmo3r6fTWlniqx4ihqThueBLuBBQJzwzcxT0QG4W5KulqXpokLnvPXC"
              }
            ],
            "sticky_settings": [],
            "storage_account": [],
            "tags": null,
            "timeouts": null,
            "virtual_network_subnet_id": "",
            "webdeploy_publish_basic_authentication_enabled": true,
            "zip_deploy_file": ""
          },
          "sensitive_attributes": [
            [
              {
                "type": "get_attr",
                "value": "site_config"
              },
              {
                "type": "index",
                "value": {
                  "value": 0,
                  "type": "number"
                }
              },
              {
                "type": "get_attr",
                "value": "application_stack"
              },
              {
                "type": "index",
                "value": {
                  "value": 0,
                  "type": "number"
                }
              },
              {
                "type": "get_attr",
                "value": "docker_registry_password"
              }
            ],
            [
              {
                "type": "get_attr",
                "value": "site_credential"
              }
            ],
            [
              {
                "type": "get_attr",
                "value": "custom_domain_verification_id"
              }
            ]
          ],
          "private": "eyJlMmJmYjczMC1lY2FhLTExZTYtOGY4OC0zNDM2M2JjN2M0YzAiOnsiY3JlYXRlIjoxODAwMDAwMDAwMDAwLCJkZWxldGUiOjE4MDAwMDAwMDAwMDAsInJlYWQiOjMwMDAwMDAwMDAwMCwidXBkYXRlIjoxODAwMDAwMDAwMDAwfSwic2NoZW1hX3ZlcnNpb24iOiIxIn0=",
          "dependencies": [
            "azurerm_resource_group.pedro_robo",
            "azurerm_service_plan.pedro_robo_sp"
          ]
        }
      ]
    }
  ],
  "check_results": null
}
